
Microsoft Visual Studio Solution File, Format Version 12.00
# Visual Studio Version 17
VisualStudioVersion = 17.2.32317.152
MinimumVisualStudioVersion = 10.0.40219.1
Project("{FAE04EC0-301F-11D3-BF4B-00C04F79EFBC}") = "Connect4GameLogic", "FourInARowLogic\Connect4GameLogic.csproj", "{CA98565E-41BD-4548-A2EF-69735432D545}"
EndProject
Project("{FAE04EC0-301F-11D3-BF4B-00C04F79EFBC}") = "Connect4GameUI", "FourInARowUI\Connect4GameUI.csproj", "{4A2FF7DB-B381-4FFA-95F1-0D8593287962}"
EndProject
Global
	GlobalSection(SolutionConfigurationPlatforms) = preSolution
		Debug|Any CPU = Debug|Any CPU
		Release|Any CPU = Release|Any CPU
	EndGlobalSection
	GlobalSection(ProjectConfigurationPlatforms) = postSolution
		{CA98565E-41BD-4548-A2EF-69735432D545}.Debug|Any CPU.ActiveCfg = Debug|Any CPU
		{CA98565E-41BD-4548-A2EF-69735432D545}.Debug|Any CPU.Build.0 = Debug|Any CPU
		{CA98565E-41BD-4548-A2EF-69735432D545}.Release|Any CPU.ActiveCfg = Release|Any CPU
		{CA98565E-41BD-4548-A2EF-69735432D545}.Release|Any CPU.Build.0 = Release|Any CPU
		{4A2FF7DB-B381-4FFA-95F1-0D8593287962}.Debug|Any CPU.ActiveCfg = Debug|Any CPU
		{4A2FF7DB-B381-4FFA-95F1-0D8593287962}.Debug|Any CPU.Build.0 = Debug|Any CPU
		{4A2FF7DB-B381-4FFA-95F1-0D8593287962}.Release|Any CPU.ActiveCfg = Release|Any CPU
		{4A2FF7DB-B381-4FFA-95F1-0D8593287962}.Release|Any CPU.Build.0 = Release|Any CPU
	EndGlobalSection
	GlobalSection(SolutionProperties) = preSolution
		HideSolutionNode = FALSE
	EndGlobalSection
	GlobalSection(ExtensibilityGlobals) = postSolution
		SolutionGuid = {5CF99CC7-632B-4BE1-9D08-24A961BBA206}
	EndGlobalSection
EndGlobal
